
Microsoft Visual Studio Solution File, Format Version 12.00
# Visual Studio Version 17
VisualStudioVersion = 17.14.36301.6
MinimumVisualStudioVersion = 10.0.40219.1
Project("{2150E333-8FDC-42A3-9474-1A3956D46DE8}") = "Shop", "Shop", "{02EA681E-C7D8-13C7-8484-4AC65E1B71E8}"
EndProject
Project("{FAE04EC0-301F-11D3-BF4B-00C04F79EFBC}") = "Shop.Domain", "Shop\Shop.Domain\Shop.Domain.csproj", "{DC04D225-BA99-4D54-9D9C-BBE56F115414}"
EndProject
Project("{FAE04EC0-301F-11D3-BF4B-00C04F79EFBC}") = "Shop.Application", "Shop\Shop.Application\Shop.Application.csproj", "{61C0877F-11B4-4321-A446-59D1E7AA53D7}"
EndProject
Project("{FAE04EC0-301F-11D3-BF4B-00C04F79EFBC}") = "Shop.Infrastructure", "Shop\Shop.Infrastructure\Shop.Infrastructure.csproj", "{53CAD196-681C-4516-B979-E1FF95F5C9E3}"
EndProject
Project("{FAE04EC0-301F-11D3-BF4B-00C04F79EFBC}") = "Shop.Query", "Shop\Shop.Query\Shop.Query.csproj", "{FD7A1DFB-A81D-493A-B2D3-F2A1735EAD75}"
EndProject
Project("{FAE04EC0-301F-11D3-BF4B-00C04F79EFBC}") = "Shop.Presentation.Facade", "Shop\Shop.Presentation.Facade\Shop.Presentation.Facade.csproj", "{03B6A01B-A038-471A-AE2E-B7F7106A08EB}"
EndProject
Project("{2150E333-8FDC-42A3-9474-1A3956D46DE8}") = "Common", "Common", "{1237BD46-609B-4B06-8F33-179C2C2A79C2}"
EndProject
Project("{FAE04EC0-301F-11D3-BF4B-00C04F79EFBC}") = "Common.Domain", "Common\Common.Domain\Common.Domain.csproj", "{6AEF118D-7EDA-4B00-B8A7-BBCFF919A44E}"
EndProject
Project("{FAE04EC0-301F-11D3-BF4B-00C04F79EFBC}") = "Common.Application", "Common\Common.Application\Common.Application.csproj", "{842FEF1F-A567-4F3B-A065-DF60D75D18B9}"
EndProject
Project("{FAE04EC0-301F-11D3-BF4B-00C04F79EFBC}") = "Common.Query", "common\Common.Query\Common.Query.csproj", "{36EF4A5B-F093-4A10-BFE0-9D49E43629AB}"
EndProject
Project("{2150E333-8FDC-42A3-9474-1A3956D46DE8}") = "Shop.Api", "Shop.Api", "{D50D09FB-D569-42F4-B7CB-08ABBAB1EC93}"
EndProject
Project("{FAE04EC0-301F-11D3-BF4B-00C04F79EFBC}") = "Shop.Api", "Shop\Endpoints\Shop.Api\Shop.Api.csproj", "{205791CE-CB74-4243-AFCD-625A42722424}"
EndProject
Project("{FAE04EC0-301F-11D3-BF4B-00C04F79EFBC}") = "Shop.Config", "Shop\Shop.Config\Shop.Config.csproj", "{653653A8-6969-4263-A178-B2E3DC7EDEBF}"
EndProject
Project("{FAE04EC0-301F-11D3-BF4B-00C04F79EFBC}") = "Common.AspNetCore", "Common\Common.AspNetCore\Common.AspNetCore.csproj", "{36689451-7192-4302-912B-36AB822A609C}"
EndProject
Global
	GlobalSection(SolutionConfigurationPlatforms) = preSolution
		Debug|Any CPU = Debug|Any CPU
		Release|Any CPU = Release|Any CPU
	EndGlobalSection
	GlobalSection(ProjectConfigurationPlatforms) = postSolution
		{DC04D225-BA99-4D54-9D9C-BBE56F115414}.Debug|Any CPU.ActiveCfg = Debug|Any CPU
		{DC04D225-BA99-4D54-9D9C-BBE56F115414}.Debug|Any CPU.Build.0 = Debug|Any CPU
		{DC04D225-BA99-4D54-9D9C-BBE56F115414}.Release|Any CPU.ActiveCfg = Release|Any CPU
		{DC04D225-BA99-4D54-9D9C-BBE56F115414}.Release|Any CPU.Build.0 = Release|Any CPU
		{61C0877F-11B4-4321-A446-59D1E7AA53D7}.Debug|Any CPU.ActiveCfg = Debug|Any CPU
		{61C0877F-11B4-4321-A446-59D1E7AA53D7}.Debug|Any CPU.Build.0 = Debug|Any CPU
		{61C0877F-11B4-4321-A446-59D1E7AA53D7}.Release|Any CPU.ActiveCfg = Release|Any CPU
		{61C0877F-11B4-4321-A446-59D1E7AA53D7}.Release|Any CPU.Build.0 = Release|Any CPU
		{53CAD196-681C-4516-B979-E1FF95F5C9E3}.Debug|Any CPU.ActiveCfg = Debug|Any CPU
		{53CAD196-681C-4516-B979-E1FF95F5C9E3}.Debug|Any CPU.Build.0 = Debug|Any CPU
		{53CAD196-681C-4516-B979-E1FF95F5C9E3}.Release|Any CPU.ActiveCfg = Release|Any CPU
		{53CAD196-681C-4516-B979-E1FF95F5C9E3}.Release|Any CPU.Build.0 = Release|Any CPU
		{FD7A1DFB-A81D-493A-B2D3-F2A1735EAD75}.Debug|Any CPU.ActiveCfg = Debug|Any CPU
		{FD7A1DFB-A81D-493A-B2D3-F2A1735EAD75}.Debug|Any CPU.Build.0 = Debug|Any CPU
		{FD7A1DFB-A81D-493A-B2D3-F2A1735EAD75}.Release|Any CPU.ActiveCfg = Release|Any CPU
		{FD7A1DFB-A81D-493A-B2D3-F2A1735EAD75}.Release|Any CPU.Build.0 = Release|Any CPU
		{03B6A01B-A038-471A-AE2E-B7F7106A08EB}.Debug|Any CPU.ActiveCfg = Debug|Any CPU
		{03B6A01B-A038-471A-AE2E-B7F7106A08EB}.Debug|Any CPU.Build.0 = Debug|Any CPU
		{03B6A01B-A038-471A-AE2E-B7F7106A08EB}.Release|Any CPU.ActiveCfg = Release|Any CPU
		{03B6A01B-A038-471A-AE2E-B7F7106A08EB}.Release|Any CPU.Build.0 = Release|Any CPU
		{6AEF118D-7EDA-4B00-B8A7-BBCFF919A44E}.Debug|Any CPU.ActiveCfg = Debug|Any CPU
		{6AEF118D-7EDA-4B00-B8A7-BBCFF919A44E}.Debug|Any CPU.Build.0 = Debug|Any CPU
		{6AEF118D-7EDA-4B00-B8A7-BBCFF919A44E}.Release|Any CPU.ActiveCfg = Release|Any CPU
		{6AEF118D-7EDA-4B00-B8A7-BBCFF919A44E}.Release|Any CPU.Build.0 = Release|Any CPU
		{842FEF1F-A567-4F3B-A065-DF60D75D18B9}.Debug|Any CPU.ActiveCfg = Debug|Any CPU
		{842FEF1F-A567-4F3B-A065-DF60D75D18B9}.Debug|Any CPU.Build.0 = Debug|Any CPU
		{842FEF1F-A567-4F3B-A065-DF60D75D18B9}.Release|Any CPU.ActiveCfg = Release|Any CPU
		{842FEF1F-A567-4F3B-A065-DF60D75D18B9}.Release|Any CPU.Build.0 = Release|Any CPU
		{36EF4A5B-F093-4A10-BFE0-9D49E43629AB}.Debug|Any CPU.ActiveCfg = Debug|Any CPU
		{36EF4A5B-F093-4A10-BFE0-9D49E43629AB}.Debug|Any CPU.Build.0 = Debug|Any CPU
		{36EF4A5B-F093-4A10-BFE0-9D49E43629AB}.Release|Any CPU.ActiveCfg = Release|Any CPU
		{36EF4A5B-F093-4A10-BFE0-9D49E43629AB}.Release|Any CPU.Build.0 = Release|Any CPU
		{205791CE-CB74-4243-AFCD-625A42722424}.Debug|Any CPU.ActiveCfg = Debug|Any CPU
		{205791CE-CB74-4243-AFCD-625A42722424}.Debug|Any CPU.Build.0 = Debug|Any CPU
		{205791CE-CB74-4243-AFCD-625A42722424}.Release|Any CPU.ActiveCfg = Release|Any CPU
		{205791CE-CB74-4243-AFCD-625A42722424}.Release|Any CPU.Build.0 = Release|Any CPU
		{653653A8-6969-4263-A178-B2E3DC7EDEBF}.Debug|Any CPU.ActiveCfg = Debug|Any CPU
		{653653A8-6969-4263-A178-B2E3DC7EDEBF}.Debug|Any CPU.Build.0 = Debug|Any CPU
		{653653A8-6969-4263-A178-B2E3DC7EDEBF}.Release|Any CPU.ActiveCfg = Release|Any CPU
		{653653A8-6969-4263-A178-B2E3DC7EDEBF}.Release|Any CPU.Build.0 = Release|Any CPU
		{36689451-7192-4302-912B-36AB822A609C}.Debug|Any CPU.ActiveCfg = Debug|Any CPU
		{36689451-7192-4302-912B-36AB822A609C}.Debug|Any CPU.Build.0 = Debug|Any CPU
		{36689451-7192-4302-912B-36AB822A609C}.Release|Any CPU.ActiveCfg = Release|Any CPU
		{36689451-7192-4302-912B-36AB822A609C}.Release|Any CPU.Build.0 = Release|Any CPU
	EndGlobalSection
	GlobalSection(SolutionProperties) = preSolution
		HideSolutionNode = FALSE
	EndGlobalSection
	GlobalSection(NestedProjects) = preSolution
		{DC04D225-BA99-4D54-9D9C-BBE56F115414} = {02EA681E-C7D8-13C7-8484-4AC65E1B71E8}
		{61C0877F-11B4-4321-A446-59D1E7AA53D7} = {02EA681E-C7D8-13C7-8484-4AC65E1B71E8}
		{53CAD196-681C-4516-B979-E1FF95F5C9E3} = {02EA681E-C7D8-13C7-8484-4AC65E1B71E8}
		{FD7A1DFB-A81D-493A-B2D3-F2A1735EAD75} = {02EA681E-C7D8-13C7-8484-4AC65E1B71E8}
		{03B6A01B-A038-471A-AE2E-B7F7106A08EB} = {02EA681E-C7D8-13C7-8484-4AC65E1B71E8}
		{6AEF118D-7EDA-4B00-B8A7-BBCFF919A44E} = {1237BD46-609B-4B06-8F33-179C2C2A79C2}
		{842FEF1F-A567-4F3B-A065-DF60D75D18B9} = {1237BD46-609B-4B06-8F33-179C2C2A79C2}
		{36EF4A5B-F093-4A10-BFE0-9D49E43629AB} = {1237BD46-609B-4B06-8F33-179C2C2A79C2}
		{D50D09FB-D569-42F4-B7CB-08ABBAB1EC93} = {02EA681E-C7D8-13C7-8484-4AC65E1B71E8}
		{205791CE-CB74-4243-AFCD-625A42722424} = {D50D09FB-D569-42F4-B7CB-08ABBAB1EC93}
		{653653A8-6969-4263-A178-B2E3DC7EDEBF} = {02EA681E-C7D8-13C7-8484-4AC65E1B71E8}
		{36689451-7192-4302-912B-36AB822A609C} = {1237BD46-609B-4B06-8F33-179C2C2A79C2}
	EndGlobalSection
	GlobalSection(ExtensibilityGlobals) = postSolution
		SolutionGuid = {43A1E5A7-53D8-4365-96F8-3CE5205E8F5C}
	EndGlobalSection
EndGlobal
